
Microsoft Visual Studio Solution File, Format Version 12.00
# Visual Studio Version 16
VisualStudioVersion = 16.0.30804.86
MinimumVisualStudioVersion = 10.0.40219.1
Project("{FAE04EC0-301F-11D3-BF4B-00C04F79EFBC}") = "DevIO.App", "src\DevIO.App\DevIO.App.csproj", "{C402C598-BC53-467D-8D67-9441E34D020C}"
EndProject
Project("{FAE04EC0-301F-11D3-BF4B-00C04F79EFBC}") = "DevIO.Business", "src\DevIO.Business\DevIO.Business.csproj", "{9C0773E4-1A6F-4F43-814C-0BA72CF09CE2}"
EndProject
Project("{FAE04EC0-301F-11D3-BF4B-00C04F79EFBC}") = "DevIO.Data", "src\DevIO.Data\DevIO.Data.csproj", "{60971E5A-463C-4751-AEF0-8018BC808DAF}"
EndProject
Global
	GlobalSection(SolutionConfigurationPlatforms) = preSolution
		Debug|Any CPU = Debug|Any CPU
		Release|Any CPU = Release|Any CPU
	EndGlobalSection
	GlobalSection(ProjectConfigurationPlatforms) = postSolution
		{C402C598-BC53-467D-8D67-9441E34D020C}.Debug|Any CPU.ActiveCfg = Debug|Any CPU
		{C402C598-BC53-467D-8D67-9441E34D020C}.Debug|Any CPU.Build.0 = Debug|Any CPU
		{C402C598-BC53-467D-8D67-9441E34D020C}.Release|Any CPU.ActiveCfg = Release|Any CPU
		{C402C598-BC53-467D-8D67-9441E34D020C}.Release|Any CPU.Build.0 = Release|Any CPU
		{9C0773E4-1A6F-4F43-814C-0BA72CF09CE2}.Debug|Any CPU.ActiveCfg = Debug|Any CPU
		{9C0773E4-1A6F-4F43-814C-0BA72CF09CE2}.Debug|Any CPU.Build.0 = Debug|Any CPU
		{9C0773E4-1A6F-4F43-814C-0BA72CF09CE2}.Release|Any CPU.ActiveCfg = Release|Any CPU
		{9C0773E4-1A6F-4F43-814C-0BA72CF09CE2}.Release|Any CPU.Build.0 = Release|Any CPU
		{60971E5A-463C-4751-AEF0-8018BC808DAF}.Debug|Any CPU.ActiveCfg = Debug|Any CPU
		{60971E5A-463C-4751-AEF0-8018BC808DAF}.Debug|Any CPU.Build.0 = Debug|Any CPU
		{60971E5A-463C-4751-AEF0-8018BC808DAF}.Release|Any CPU.ActiveCfg = Release|Any CPU
		{60971E5A-463C-4751-AEF0-8018BC808DAF}.Release|Any CPU.Build.0 = Release|Any CPU
	EndGlobalSection
	GlobalSection(SolutionProperties) = preSolution
		HideSolutionNode = FALSE
	EndGlobalSection
	GlobalSection(ExtensibilityGlobals) = postSolution
		SolutionGuid = {81942907-6818-49EA-A4AB-712630635508}
	EndGlobalSection
EndGlobal
